
Microsoft Visual Studio Solution File, Format Version 12.00
# Visual Studio Version 17
VisualStudioVersion = 17.1.31911.260
MinimumVisualStudioVersion = 10.0.40219.1
Project("{FAE04EC0-301F-11D3-BF4B-00C04F79EFBC}") = "CoreBPRDocumentExportImport6", "CoreBPRDocumentExportImport6\CoreBPRDocumentExportImport6.csproj", "{04589DA2-7B08-4A61-A686-F6D666B7F904}"
EndProject
Global
	GlobalSection(SolutionConfigurationPlatforms) = preSolution
		Debug|Any CPU = Debug|Any CPU
		Release|Any CPU = Release|Any CPU
	EndGlobalSection
	GlobalSection(ProjectConfigurationPlatforms) = postSolution
		{04589DA2-7B08-4A61-A686-F6D666B7F904}.Debug|Any CPU.ActiveCfg = Debug|Any CPU
		{04589DA2-7B08-4A61-A686-F6D666B7F904}.Debug|Any CPU.Build.0 = Debug|Any CPU
		{04589DA2-7B08-4A61-A686-F6D666B7F904}.Release|Any CPU.ActiveCfg = Release|Any CPU
		{04589DA2-7B08-4A61-A686-F6D666B7F904}.Release|Any CPU.Build.0 = Release|Any CPU
	EndGlobalSection
	GlobalSection(SolutionProperties) = preSolution
		HideSolutionNode = FALSE
	EndGlobalSection
	GlobalSection(ExtensibilityGlobals) = postSolution
		SolutionGuid = {C52CE908-A269-4A2A-90EF-FE93D782D569}
	EndGlobalSection
EndGlobal
